
Microsoft Visual Studio Solution File, Format Version 12.00
# Visual Studio Version 17
VisualStudioVersion = 17.5.33530.505
MinimumVisualStudioVersion = 10.0.40219.1
Project("{FAE04EC0-301F-11D3-BF4B-00C04F79EFBC}") = "TEST2", "TEST2.csproj", "{36CE13E1-DC79-490E-B990-18BB81714A92}"
EndProject
Global
	GlobalSection(SolutionConfigurationPlatforms) = preSolution
		Debug|Any CPU = Debug|Any CPU
		Release|Any CPU = Release|Any CPU
	EndGlobalSection
	GlobalSection(ProjectConfigurationPlatforms) = postSolution
		{36CE13E1-DC79-490E-B990-18BB81714A92}.Debug|Any CPU.ActiveCfg = Debug|Any CPU
		{36CE13E1-DC79-490E-B990-18BB81714A92}.Debug|Any CPU.Build.0 = Debug|Any CPU
		{36CE13E1-DC79-490E-B990-18BB81714A92}.Release|Any CPU.ActiveCfg = Release|Any CPU
		{36CE13E1-DC79-490E-B990-18BB81714A92}.Release|Any CPU.Build.0 = Release|Any CPU
	EndGlobalSection
	GlobalSection(SolutionProperties) = preSolution
		HideSolutionNode = FALSE
	EndGlobalSection
	GlobalSection(ExtensibilityGlobals) = postSolution
		SolutionGuid = {8631F3D4-064C-441D-AB0D-E41DFCB0D829}
	EndGlobalSection
EndGlobal
